Microsoft Visual Studio Solution File, Format Version 11.00
# Visual Studio 2010
Project("{2150E333-8FDC-42A3-9474-1A3956D46DE8}") = "(common_audio)", ".", "{F4DBC581-D1BC-0F15-B59D-4DD93B16A165}"
EndProject
Project("{2150E333-8FDC-42A3-9474-1A3956D46DE8}") = "(source)", "..\system_wrappers\source", "{38B7683E-6F16-B5E1-5F7D-9D2F85A33684}"
EndProject
Project("{2150E333-8FDC-42A3-9474-1A3956D46DE8}") = "(system_wrappers)", "..\system_wrappers", "{C22DCE09-BE8E-C79C-FFD0-C3927B546C91}"
EndProject
Project("{2150E333-8FDC-42A3-9474-1A3956D46DE8}") = "(test)", "..\test", "{46835DB2-71BA-66C0-5A55-04D9E2C70AA8}"
EndProject
Project("{2150E333-8FDC-42A3-9474-1A3956D46DE8}") = "(testing)", "..\..\testing", "{EAC80D00-01D2-3F49-A377-20B7154947F3}"
EndProject
Project("{2150E333-8FDC-42A3-9474-1A3956D46DE8}") = "(third_party)", "..\..\third_party", "{89C816A7-DD31-D54C-C69C-5A80E0C49B77}"
EndProject
Project("{2150E333-8FDC-42A3-9474-1A3956D46DE8}") = "(webrtc)", "..", "{FB3E20CC-9516-F7D2-EFF7-C27ABDCA54B9}"
EndProject
Project("{8BC9CEB8-8B4A-11D0-8D11-00A0C91BC942}") = "common_audio", "common_audio.vcxproj", "{39FE2BB0-C2E7-DB9C-D514-19B221F3CA00}"
EndProject
Project("{8BC9CEB8-8B4A-11D0-8D11-00A0C91BC942}") = "common_audio_sse2", "common_audio_sse2.vcxproj", "{B6B37B26-252C-247D-DBA3-D03511AC9509}"
EndProject
Project("{8BC9CEB8-8B4A-11D0-8D11-00A0C91BC942}") = "common_audio_unittests", "common_audio_unittests.vcxproj", "{52A7D63A-B534-1E47-D50C-27F4E90C60BB}"
	ProjectSection(ProjectDependencies) = postProject
		{39FE2BB0-C2E7-DB9C-D514-19B221F3CA00} = {39FE2BB0-C2E7-DB9C-D514-19B221F3CA00}
		{FA45AB88-19EE-D59B-FA35-1D201C898A3C} = {FA45AB88-19EE-D59B-FA35-1D201C898A3C}
		{D822332C-4E10-95DA-CD7B-92DFD2BC19A2} = {D822332C-4E10-95DA-CD7B-92DFD2BC19A2}
		{E72F768A-94C5-F56D-6D09-2D6BBCC1C711} = {E72F768A-94C5-F56D-6D09-2D6BBCC1C711}
		{850185E7-06DC-4FC3-E97D-2EEB03FC2983} = {850185E7-06DC-4FC3-E97D-2EEB03FC2983}
		{B6B37B26-252C-247D-DBA3-D03511AC9509} = {B6B37B26-252C-247D-DBA3-D03511AC9509}
		{D94ABCBC-157E-B835-7C0A-CA0464781D84} = {D94ABCBC-157E-B835-7C0A-CA0464781D84}
		{4DCD256C-B345-89A3-7AA2-A189E00F12A4} = {4DCD256C-B345-89A3-7AA2-A189E00F12A4}
		{791C7308-AAB1-3EF0-32C2-A350302CDD9A} = {791C7308-AAB1-3EF0-32C2-A350302CDD9A}
	EndProjectSection
EndProject
Project("{8BC9CEB8-8B4A-11D0-8D11-00A0C91BC942}") = "common_audio_unittests_run", "common_audio_unittests_run.vcxproj", "{02BF8AEF-BF08-A4FE-D918-811AB1A64FFC}"
	ProjectSection(ProjectDependencies) = postProject
		{52A7D63A-B534-1E47-D50C-27F4E90C60BB} = {52A7D63A-B534-1E47-D50C-27F4E90C60BB}
	EndProjectSection
EndProject
Project("{8BC9CEB8-8B4A-11D0-8D11-00A0C91BC942}") = "gflags", "..\..\third_party\gflags\gflags.vcxproj", "{791C7308-AAB1-3EF0-32C2-A350302CDD9A}"
EndProject
Project("{8BC9CEB8-8B4A-11D0-8D11-00A0C91BC942}") = "gmock", "..\..\testing\gmock.vcxproj", "{D822332C-4E10-95DA-CD7B-92DFD2BC19A2}"
EndProject
Project("{8BC9CEB8-8B4A-11D0-8D11-00A0C91BC942}") = "gtest", "..\..\testing\gtest.vcxproj", "{E72F768A-94C5-F56D-6D09-2D6BBCC1C711}"
	ProjectSection(ProjectDependencies) = postProject
		{4DCD256C-B345-89A3-7AA2-A189E00F12A4} = {4DCD256C-B345-89A3-7AA2-A189E00F12A4}
	EndProjectSection
EndProject
Project("{8BC9CEB8-8B4A-11D0-8D11-00A0C91BC942}") = "gtest_prod", "..\..\testing\gtest_prod.vcxproj", "{4DCD256C-B345-89A3-7AA2-A189E00F12A4}"
EndProject
Project("{8BC9CEB8-8B4A-11D0-8D11-00A0C91BC942}") = "system_wrappers", "..\system_wrappers\source\system_wrappers.vcxproj", "{850185E7-06DC-4FC3-E97D-2EEB03FC2983}"
EndProject
Project("{8BC9CEB8-8B4A-11D0-8D11-00A0C91BC942}") = "test_support", "..\test\test_support.vcxproj", "{D94ABCBC-157E-B835-7C0A-CA0464781D84}"
EndProject
Project("{8BC9CEB8-8B4A-11D0-8D11-00A0C91BC942}") = "test_support_main", "..\test\test_support_main.vcxproj", "{FA45AB88-19EE-D59B-FA35-1D201C898A3C}"
EndProject
Global
	GlobalSection(SolutionConfigurationPlatforms) = preSolution
		Debug|x64 = Debug|x64
		Debug|Win32 = Debug|Win32
		Release|x64 = Release|x64
		Release|Win32 = Release|Win32
	EndGlobalSection
	GlobalSection(ProjectConfigurationPlatforms) = postSolution
		{02BF8AEF-BF08-A4FE-D918-811AB1A64FFC}.Debug|x64.ActiveCfg = Debug|x64
		{02BF8AEF-BF08-A4FE-D918-811AB1A64FFC}.Debug|x64.Build.0 = Debug|x64
		{02BF8AEF-BF08-A4FE-D918-811AB1A64FFC}.Debug|Win32.ActiveCfg = Debug|Win32
		{02BF8AEF-BF08-A4FE-D918-811AB1A64FFC}.Debug|Win32.Build.0 = Debug|Win32
		{02BF8AEF-BF08-A4FE-D918-811AB1A64FFC}.Release|x64.ActiveCfg = Release|x64
		{02BF8AEF-BF08-A4FE-D918-811AB1A64FFC}.Release|x64.Build.0 = Release|x64
		{02BF8AEF-BF08-A4FE-D918-811AB1A64FFC}.Release|Win32.ActiveCfg = Release|Win32
		{02BF8AEF-BF08-A4FE-D918-811AB1A64FFC}.Release|Win32.Build.0 = Release|Win32
		{39FE2BB0-C2E7-DB9C-D514-19B221F3CA00}.Debug|x64.ActiveCfg = Debug|x64
		{39FE2BB0-C2E7-DB9C-D514-19B221F3CA00}.Debug|x64.Build.0 = Debug|x64
		{39FE2BB0-C2E7-DB9C-D514-19B221F3CA00}.Debug|Win32.ActiveCfg = Debug|Win32
		{39FE2BB0-C2E7-DB9C-D514-19B221F3CA00}.Debug|Win32.Build.0 = Debug|Win32
		{39FE2BB0-C2E7-DB9C-D514-19B221F3CA00}.Release|x64.ActiveCfg = Release|x64
		{39FE2BB0-C2E7-DB9C-D514-19B221F3CA00}.Release|x64.Build.0 = Release|x64
		{39FE2BB0-C2E7-DB9C-D514-19B221F3CA00}.Release|Win32.ActiveCfg = Release|Win32
		{39FE2BB0-C2E7-DB9C-D514-19B221F3CA00}.Release|Win32.Build.0 = Release|Win32
		{4DCD256C-B345-89A3-7AA2-A189E00F12A4}.Debug|x64.ActiveCfg = Debug|x64
		{4DCD256C-B345-89A3-7AA2-A189E00F12A4}.Debug|x64.Build.0 = Debug|x64
		{4DCD256C-B345-89A3-7AA2-A189E00F12A4}.Debug|Win32.ActiveCfg = Debug|Win32
		{4DCD256C-B345-89A3-7AA2-A189E00F12A4}.Debug|Win32.Build.0 = Debug|Win32
		{4DCD256C-B345-89A3-7AA2-A189E00F12A4}.Release|x64.ActiveCfg = Release|x64
		{4DCD256C-B345-89A3-7AA2-A189E00F12A4}.Release|x64.Build.0 = Release|x64
		{4DCD256C-B345-89A3-7AA2-A189E00F12A4}.Release|Win32.ActiveCfg = Release|Win32
		{4DCD256C-B345-89A3-7AA2-A189E00F12A4}.Release|Win32.Build.0 = Release|Win32
		{52A7D63A-B534-1E47-D50C-27F4E90C60BB}.Debug|x64.ActiveCfg = Debug|x64
		{52A7D63A-B534-1E47-D50C-27F4E90C60BB}.Debug|x64.Build.0 = Debug|x64
		{52A7D63A-B534-1E47-D50C-27F4E90C60BB}.Debug|Win32.ActiveCfg = Debug|Win32
		{52A7D63A-B534-1E47-D50C-27F4E90C60BB}.Debug|Win32.Build.0 = Debug|Win32
		{52A7D63A-B534-1E47-D50C-27F4E90C60BB}.Release|x64.ActiveCfg = Release|x64
		{52A7D63A-B534-1E47-D50C-27F4E90C60BB}.Release|x64.Build.0 = Release|x64
		{52A7D63A-B534-1E47-D50C-27F4E90C60BB}.Release|Win32.ActiveCfg = Release|Win32
		{52A7D63A-B534-1E47-D50C-27F4E90C60BB}.Release|Win32.Build.0 = Release|Win32
		{791C7308-AAB1-3EF0-32C2-A350302CDD9A}.Debug|x64.ActiveCfg = Debug|x64
		{791C7308-AAB1-3EF0-32C2-A350302CDD9A}.Debug|x64.Build.0 = Debug|x64
		{791C7308-AAB1-3EF0-32C2-A350302CDD9A}.Debug|Win32.ActiveCfg = Debug|Win32
		{791C7308-AAB1-3EF0-32C2-A350302CDD9A}.Debug|Win32.Build.0 = Debug|Win32
		{791C7308-AAB1-3EF0-32C2-A350302CDD9A}.Release|x64.ActiveCfg = Release|x64
		{791C7308-AAB1-3EF0-32C2-A350302CDD9A}.Release|x64.Build.0 = Release|x64
		{791C7308-AAB1-3EF0-32C2-A350302CDD9A}.Release|Win32.ActiveCfg = Release|Win32
		{791C7308-AAB1-3EF0-32C2-A350302CDD9A}.Release|Win32.Build.0 = Release|Win32
		{850185E7-06DC-4FC3-E97D-2EEB03FC2983}.Debug|x64.ActiveCfg = Debug|x64
		{850185E7-06DC-4FC3-E97D-2EEB03FC2983}.Debug|x64.Build.0 = Debug|x64
		{850185E7-06DC-4FC3-E97D-2EEB03FC2983}.Debug|Win32.ActiveCfg = Debug|Win32
		{850185E7-06DC-4FC3-E97D-2EEB03FC2983}.Debug|Win32.Build.0 = Debug|Win32
		{850185E7-06DC-4FC3-E97D-2EEB03FC2983}.Release|x64.ActiveCfg = Release|x64
		{850185E7-06DC-4FC3-E97D-2EEB03FC2983}.Release|x64.Build.0 = Release|x64
		{850185E7-06DC-4FC3-E97D-2EEB03FC2983}.Release|Win32.ActiveCfg = Release|Win32
		{850185E7-06DC-4FC3-E97D-2EEB03FC2983}.Release|Win32.Build.0 = Release|Win32
		{B6B37B26-252C-247D-DBA3-D03511AC9509}.Debug|x64.ActiveCfg = Debug|x64
		{B6B37B26-252C-247D-DBA3-D03511AC9509}.Debug|x64.Build.0 = Debug|x64
		{B6B37B26-252C-247D-DBA3-D03511AC9509}.Debug|Win32.ActiveCfg = Debug|Win32
		{B6B37B26-252C-247D-DBA3-D03511AC9509}.Debug|Win32.Build.0 = Debug|Win32
		{B6B37B26-252C-247D-DBA3-D03511AC9509}.Release|x64.ActiveCfg = Release|x64
		{B6B37B26-252C-247D-DBA3-D03511AC9509}.Release|x64.Build.0 = Release|x64
		{B6B37B26-252C-247D-DBA3-D03511AC9509}.Release|Win32.ActiveCfg = Release|Win32
		{B6B37B26-252C-247D-DBA3-D03511AC9509}.Release|Win32.Build.0 = Release|Win32
		{D822332C-4E10-95DA-CD7B-92DFD2BC19A2}.Debug|x64.ActiveCfg = Debug|x64
		{D822332C-4E10-95DA-CD7B-92DFD2BC19A2}.Debug|x64.Build.0 = Debug|x64
		{D822332C-4E10-95DA-CD7B-92DFD2BC19A2}.Debug|Win32.ActiveCfg = Debug|Win32
		{D822332C-4E10-95DA-CD7B-92DFD2BC19A2}.Debug|Win32.Build.0 = Debug|Win32
		{D822332C-4E10-95DA-CD7B-92DFD2BC19A2}.Release|x64.ActiveCfg = Release|x64
		{D822332C-4E10-95DA-CD7B-92DFD2BC19A2}.Release|x64.Build.0 = Release|x64
		{D822332C-4E10-95DA-CD7B-92DFD2BC19A2}.Release|Win32.ActiveCfg = Release|Win32
		{D822332C-4E10-95DA-CD7B-92DFD2BC19A2}.Release|Win32.Build.0 = Release|Win32
		{D94ABCBC-157E-B835-7C0A-CA0464781D84}.Debug|x64.ActiveCfg = Debug|x64
		{D94ABCBC-157E-B835-7C0A-CA0464781D84}.Debug|x64.Build.0 = Debug|x64
		{D94ABCBC-157E-B835-7C0A-CA0464781D84}.Debug|Win32.ActiveCfg = Debug|Win32
		{D94ABCBC-157E-B835-7C0A-CA0464781D84}.Debug|Win32.Build.0 = Debug|Win32
		{D94ABCBC-157E-B835-7C0A-CA0464781D84}.Release|x64.ActiveCfg = Release|x64
		{D94ABCBC-157E-B835-7C0A-CA0464781D84}.Release|x64.Build.0 = Release|x64
		{D94ABCBC-157E-B835-7C0A-CA0464781D84}.Release|Win32.ActiveCfg = Release|Win32
		{D94ABCBC-157E-B835-7C0A-CA0464781D84}.Release|Win32.Build.0 = Release|Win32
		{E72F768A-94C5-F56D-6D09-2D6BBCC1C711}.Debug|x64.ActiveCfg = Debug|x64
		{E72F768A-94C5-F56D-6D09-2D6BBCC1C711}.Debug|x64.Build.0 = Debug|x64
		{E72F768A-94C5-F56D-6D09-2D6BBCC1C711}.Debug|Win32.ActiveCfg = Debug|Win32
		{E72F768A-94C5-F56D-6D09-2D6BBCC1C711}.Debug|Win32.Build.0 = Debug|Win32
		{E72F768A-94C5-F56D-6D09-2D6BBCC1C711}.Release|x64.ActiveCfg = Release|x64
		{E72F768A-94C5-F56D-6D09-2D6BBCC1C711}.Release|x64.Build.0 = Release|x64
		{E72F768A-94C5-F56D-6D09-2D6BBCC1C711}.Release|Win32.ActiveCfg = Release|Win32
		{E72F768A-94C5-F56D-6D09-2D6BBCC1C711}.Release|Win32.Build.0 = Release|Win32
		{FA45AB88-19EE-D59B-FA35-1D201C898A3C}.Debug|x64.ActiveCfg = Debug|x64
		{FA45AB88-19EE-D59B-FA35-1D201C898A3C}.Debug|x64.Build.0 = Debug|x64
		{FA45AB88-19EE-D59B-FA35-1D201C898A3C}.Debug|Win32.ActiveCfg = Debug|Win32
		{FA45AB88-19EE-D59B-FA35-1D201C898A3C}.Debug|Win32.Build.0 = Debug|Win32
		{FA45AB88-19EE-D59B-FA35-1D201C898A3C}.Release|x64.ActiveCfg = Release|x64
		{FA45AB88-19EE-D59B-FA35-1D201C898A3C}.Release|x64.Build.0 = Release|x64
		{FA45AB88-19EE-D59B-FA35-1D201C898A3C}.Release|Win32.ActiveCfg = Release|Win32
		{FA45AB88-19EE-D59B-FA35-1D201C898A3C}.Release|Win32.Build.0 = Release|Win32
	EndGlobalSection
	GlobalSection(SolutionProperties) = preSolution
		HideSolutionNode = FALSE
	EndGlobalSection
	GlobalSection(NestedProjects) = preSolution
		{39FE2BB0-C2E7-DB9C-D514-19B221F3CA00} = {F4DBC581-D1BC-0F15-B59D-4DD93B16A165}
		{B6B37B26-252C-247D-DBA3-D03511AC9509} = {F4DBC581-D1BC-0F15-B59D-4DD93B16A165}
		{52A7D63A-B534-1E47-D50C-27F4E90C60BB} = {F4DBC581-D1BC-0F15-B59D-4DD93B16A165}
		{02BF8AEF-BF08-A4FE-D918-811AB1A64FFC} = {F4DBC581-D1BC-0F15-B59D-4DD93B16A165}
		{850185E7-06DC-4FC3-E97D-2EEB03FC2983} = {38B7683E-6F16-B5E1-5F7D-9D2F85A33684}
		{38B7683E-6F16-B5E1-5F7D-9D2F85A33684} = {C22DCE09-BE8E-C79C-FFD0-C3927B546C91}
		{D94ABCBC-157E-B835-7C0A-CA0464781D84} = {46835DB2-71BA-66C0-5A55-04D9E2C70AA8}
		{FA45AB88-19EE-D59B-FA35-1D201C898A3C} = {46835DB2-71BA-66C0-5A55-04D9E2C70AA8}
		{D822332C-4E10-95DA-CD7B-92DFD2BC19A2} = {EAC80D00-01D2-3F49-A377-20B7154947F3}
		{E72F768A-94C5-F56D-6D09-2D6BBCC1C711} = {EAC80D00-01D2-3F49-A377-20B7154947F3}
		{4DCD256C-B345-89A3-7AA2-A189E00F12A4} = {EAC80D00-01D2-3F49-A377-20B7154947F3}
		{791C7308-AAB1-3EF0-32C2-A350302CDD9A} = {89C816A7-DD31-D54C-C69C-5A80E0C49B77}
		{F4DBC581-D1BC-0F15-B59D-4DD93B16A165} = {FB3E20CC-9516-F7D2-EFF7-C27ABDCA54B9}
		{C22DCE09-BE8E-C79C-FFD0-C3927B546C91} = {FB3E20CC-9516-F7D2-EFF7-C27ABDCA54B9}
		{46835DB2-71BA-66C0-5A55-04D9E2C70AA8} = {FB3E20CC-9516-F7D2-EFF7-C27ABDCA54B9}
	EndGlobalSection
EndGlobal
